
Microsoft Visual Studio Solution File, Format Version 12.00
# Visual Studio Version 16
VisualStudioVersion = 16.0.31729.503
MinimumVisualStudioVersion = 10.0.40219.1
Project("{FAE04EC0-301F-11D3-BF4B-00C04F79EFBC}") = "HelloWorld", "HelloWorld\HelloWorld.csproj", "{7E5AF2B0-E15D-4F9C-8647-8D83DABABC80}"
EndProject
Global
	GlobalSection(SolutionConfigurationPlatforms) = preSolution
		Debug|Any CPU = Debug|Any CPU
		Release|Any CPU = Release|Any CPU
	EndGlobalSection
	GlobalSection(ProjectConfigurationPlatforms) = postSolution
		{7E5AF2B0-E15D-4F9C-8647-8D83DABABC80}.Debug|Any CPU.ActiveCfg = Debug|Any CPU
		{7E5AF2B0-E15D-4F9C-8647-8D83DABABC80}.Debug|Any CPU.Build.0 = Debug|Any CPU
		{7E5AF2B0-E15D-4F9C-8647-8D83DABABC80}.Release|Any CPU.ActiveCfg = Release|Any CPU
		{7E5AF2B0-E15D-4F9C-8647-8D83DABABC80}.Release|Any CPU.Build.0 = Release|Any CPU
	EndGlobalSection
	GlobalSection(SolutionProperties) = preSolution
		HideSolutionNode = FALSE
	EndGlobalSection
	GlobalSection(ExtensibilityGlobals) = postSolution
		SolutionGuid = {84EBFD45-E656-4B35-AB7E-6ED103F4257C}
	EndGlobalSection
EndGlobal
